
Microsoft Visual Studio Solution File, Format Version 12.00
# Visual Studio Version 16
VisualStudioVersion = 16.0.29926.136
MinimumVisualStudioVersion = 10.0.40219.1
Project("{FAE04EC0-301F-11D3-BF4B-00C04F79EFBC}") = "OODP_TEST", "OODP_TEST\OODP_TEST.csproj", "{22A25666-87EB-4945-861F-6FA49065C8EC}"
EndProject
Global
	GlobalSection(SolutionConfigurationPlatforms) = preSolution
		Debug|Any CPU = Debug|Any CPU
		Release|Any CPU = Release|Any CPU
	EndGlobalSection
	GlobalSection(ProjectConfigurationPlatforms) = postSolution
		{22A25666-87EB-4945-861F-6FA49065C8EC}.Debug|Any CPU.ActiveCfg = Debug|Any CPU
		{22A25666-87EB-4945-861F-6FA49065C8EC}.Debug|Any CPU.Build.0 = Debug|Any CPU
		{22A25666-87EB-4945-861F-6FA49065C8EC}.Release|Any CPU.ActiveCfg = Release|Any CPU
		{22A25666-87EB-4945-861F-6FA49065C8EC}.Release|Any CPU.Build.0 = Release|Any CPU
	EndGlobalSection
	GlobalSection(SolutionProperties) = preSolution
		HideSolutionNode = FALSE
	EndGlobalSection
	GlobalSection(ExtensibilityGlobals) = postSolution
		SolutionGuid = {648DA3F5-6524-4C6D-89D6-66DC71841CB4}
	EndGlobalSection
EndGlobal
